PODS:
  - cloud_firestore (4.0.4):
    - Firebase/CoreOnly (~> 10.0.0)
    - Firebase/Firestore (~> 10.0.0)
    - firebase_core
    - FlutterMacOS
    - nanopb (< 2.30910.0, >= 2.30908.0)
  - cloud_functions (4.0.3):
    - Firebase/CoreOnly (~> 10.0.0)
    - Firebase/Functions (~> 10.0.0)
    - firebase_core
    - FlutterMacOS
  - dynamic_color (0.0.2):
    - FlutterMacOS
  - Firebase/Auth (10.0.0):
    - Firebase/CoreOnly
    - FirebaseAuth (~> 10.0.0)
  - Firebase/CoreOnly (10.0.0):
    - FirebaseCore (= 10.0.0)
  - Firebase/Firestore (10.0.0):
    - Firebase/CoreOnly
    - FirebaseFirestore (~> 10.0.0)
  - Firebase/Functions (10.0.0):
    - Firebase/CoreOnly
    - FirebaseFunctions (~> 10.0.0)
  - Firebase/Storage (10.0.0):
    - Firebase/CoreOnly
    - FirebaseStorage (~> 10.0.0)
  - firebase_auth (4.1.1):
    - Firebase/Auth (~> 10.0.0)
    - Firebase/CoreOnly (~> 10.0.0)
    - firebase_core
    - FlutterMacOS
  - firebase_core (2.1.1):
    - Firebase/CoreOnly (~> 10.0.0)
    - FlutterMacOS
  - firebase_storage (11.0.4):
    - Firebase/CoreOnly (~> 10.0.0)
    - Firebase/Storage (~> 10.0.0)
    - firebase_core
    - FlutterMacOS
  - FirebaseAppCheckInterop (10.1.0)
  - FirebaseAuth (10.0.0):
    - FirebaseCore (~> 10.0)
    - GoogleUtilities/AppDelegateSwizzler (~> 7.8)
    - GoogleUtilities/Environment (~> 7.8)
    - GTMSessionFetcher/Core (~> 2.1)
  - FirebaseAuthInterop (10.1.0)
  - FirebaseCore (10.0.0):
    - FirebaseCoreInternal (~> 10.0)
    - GoogleUtilities/Environment (~> 7.8)
    - GoogleUtilities/Logger (~> 7.8)
  - FirebaseCoreExtension (10.1.0):
    - FirebaseCore (~> 10.0)
  - FirebaseCoreInternal (10.1.0):
    - "GoogleUtilities/NSData+zlib (~> 7.8)"
  - FirebaseFirestore (10.0.0):
    - FirebaseFirestore/AutodetectLeveldb (= 10.0.0)
  - FirebaseFirestore/AutodetectLeveldb (10.0.0):
    - FirebaseFirestore/Base
    - FirebaseFirestore/WithLeveldb
  - FirebaseFirestore/Base (10.0.0)
  - FirebaseFirestore/WithLeveldb (10.0.0):
    - FirebaseFirestore/Base
  - FirebaseFunctions (10.0.0):
    - FirebaseAppCheckInterop (~> 10.0)
    - FirebaseAuthInterop (~> 10.0)
    - FirebaseCore (~> 10.0)
    - FirebaseCoreExtension (~> 10.0)
    - FirebaseMessagingInterop (~> 10.0)
    - FirebaseSharedSwift (~> 10.0)
    - GTMSessionFetcher/Core (~> 2.1)
  - FirebaseMessagingInterop (10.1.0)
  - FirebaseSharedSwift (10.1.0)
  - FirebaseStorage (10.0.0):
    - FirebaseAppCheckInterop (~> 10.0)
    - FirebaseAuthInterop (~> 10.0)
    - FirebaseCore (~> 10.0)
    - FirebaseCoreExtension (~> 10.0)
    - GTMSessionFetcher/Core (~> 2.1)
  - FlutterMacOS (1.0.0)
  - GoogleUtilities/AppDelegateSwizzler (7.8.0):
    - GoogleUtilities/Environment
    - GoogleUtilities/Logger
    - GoogleUtilities/Network
  - GoogleUtilities/Environment (7.8.0):
    - PromisesObjC (< 3.0, >= 1.2)
  - GoogleUtilities/Logger (7.8.0):
    - GoogleUtilities/Environment
  - GoogleUtilities/Network (7.8.0):
    - GoogleUtilities/Logger
    - "GoogleUtilities/NSData+zlib"
    - GoogleUtilities/Reachability
  - "GoogleUtilities/NSData+zlib (7.8.0)"
  - GoogleUtilities/Reachability (7.8.0):
    - GoogleUtilities/Logger
  - GTMSessionFetcher/Core (2.2.0)
  - macos_ui (0.1.0):
    - FlutterMacOS
  - nanopb (2.30909.0):
    - nanopb/decode (= 2.30909.0)
    - nanopb/encode (= 2.30909.0)
  - nanopb/decode (2.30909.0)
  - nanopb/encode (2.30909.0)
  - PromisesObjC (2.1.1)
  - url_launcher_macos (0.0.1):
    - FlutterMacOS

DEPENDENCIES:
  - cloud_firestore (from `Flutter/ephemeral/.symlinks/plugins/cloud_firestore/macos`)
  - cloud_functions (from `Flutter/ephemeral/.symlinks/plugins/cloud_functions/macos`)
  - dynamic_color (from `Flutter/ephemeral/.symlinks/plugins/dynamic_color/macos`)
  - firebase_auth (from `Flutter/ephemeral/.symlinks/plugins/firebase_auth/macos`)
  - firebase_core (from `Flutter/ephemeral/.symlinks/plugins/firebase_core/macos`)
  - firebase_storage (from `Flutter/ephemeral/.symlinks/plugins/firebase_storage/macos`)
  - FirebaseFirestore/WithLeveldb (from `https://github.com/invertase/firestore-ios-sdk-frameworks.git`, tag `10.0.0`)
  - FlutterMacOS (from `Flutter/ephemeral`)
  - macos_ui (from `Flutter/ephemeral/.symlinks/plugins/macos_ui/macos`)
  - url_launcher_macos (from `Flutter/ephemeral/.symlinks/plugins/url_launcher_macos/macos`)

SPEC REPOS:
  trunk:
    - Firebase
    - FirebaseAppCheckInterop
    - FirebaseAuth
    - FirebaseAuthInterop
    - FirebaseCore
    - FirebaseCoreExtension
    - FirebaseCoreInternal
    - FirebaseFunctions
    - FirebaseMessagingInterop
    - FirebaseSharedSwift
    - FirebaseStorage
    - GoogleUtilities
    - GTMSessionFetcher
    - nanopb
    - PromisesObjC

EXTERNAL SOURCES:
  cloud_firestore:
    :path: Flutter/ephemeral/.symlinks/plugins/cloud_firestore/macos
  cloud_functions:
    :path: Flutter/ephemeral/.symlinks/plugins/cloud_functions/macos
  dynamic_color:
    :path: Flutter/ephemeral/.symlinks/plugins/dynamic_color/macos
  firebase_auth:
    :path: Flutter/ephemeral/.symlinks/plugins/firebase_auth/macos
  firebase_core:
    :path: Flutter/ephemeral/.symlinks/plugins/firebase_core/macos
  firebase_storage:
    :path: Flutter/ephemeral/.symlinks/plugins/firebase_storage/macos
  FirebaseFirestore:
    :git: https://github.com/invertase/firestore-ios-sdk-frameworks.git
    :tag: 10.0.0
  FlutterMacOS:
    :path: Flutter/ephemeral
  macos_ui:
    :path: Flutter/ephemeral/.symlinks/plugins/macos_ui/macos
  url_launcher_macos:
    :path: Flutter/ephemeral/.symlinks/plugins/url_launcher_macos/macos

CHECKOUT OPTIONS:
  FirebaseFirestore:
    :git: https://github.com/invertase/firestore-ios-sdk-frameworks.git
    :tag: 10.0.0

SPEC CHECKSUMS:
  cloud_firestore: 74062ccfd34d272ba0b1c18e3f315e48da5e1ef8
  cloud_functions: 6040cfa024f5a9d8217a04f1614bfd2704498792
  dynamic_color: 394d6a888650f8534e029b27d2f8bc5c64e44008
  Firebase: 1b810f3d0c0532e27a48f1961f8c0400a668a2cf
  firebase_auth: 65dab2f61a160cab11d6bbbc4090ee8b1d8a17ed
  firebase_core: 2ad407221995257e47215d9ae92467db0dd48ced
  firebase_storage: ba73a019ba35178ce2ff26662a8bbccf85847bf7
  FirebaseAppCheckInterop: 53eec3c354a95f8fe6ff947dd9518ea17f624914
  FirebaseAuth: 493382cf533cc45e2862b00e9aa4cfe4c98daf71
  FirebaseAuthInterop: 15b2c717321d5e46a60562e388c4d1b039ea7e28
  FirebaseCore: 97f48a3a567a72b8d4daa0f03c3aadb78df4e995
  FirebaseCoreExtension: 69b966c399abc4ca6dc75006ab87160f81512725
  FirebaseCoreInternal: 96d75228e10fd369564da51bd898414eb0f54df5
  FirebaseFirestore: d1b97d497a6e6c31bb38dff714af8e606395b959
  FirebaseFunctions: 3e3ae1fba2feab088c9acc043aa0d094e711988b
  FirebaseMessagingInterop: 26c3bf82c7697d8fbfb13216541423bc2c93e8fc
  FirebaseSharedSwift: 6966c4de41fba13a4270de1e421e6eee2cf90113
  FirebaseStorage: 8b0b0630e11b9f3e4a479a26cfccb70ec790ec50
  FlutterMacOS: ae6af50a8ea7d6103d888583d46bd8328a7e9811
  GoogleUtilities: 1d20a6ad97ef46f67bbdec158ce00563a671ebb7
  GTMSessionFetcher: d62ffccea5108bb9e7762ee121ae63bbdd2c6303
  macos_ui: 125c911559d646194386d84c017ad6819122e2db
  nanopb: b552cce312b6c8484180ef47159bc0f65a1f0431
  PromisesObjC: ab77feca74fa2823e7af4249b8326368e61014cb
  url_launcher_macos: 597e05b8e514239626bcf4a850fcf9ef5c856ec3

PODFILE CHECKSUM: 9d7fa45cdda4222676a1e66f79e903c4469d9bb6

COCOAPODS: 1.11.3
